
Microsoft Visual Studio Solution File, Format Version 12.00
# Visual Studio Version 17
VisualStudioVersion = 17.8.34511.84
MinimumVisualStudioVersion = 10.0.40219.1
Project("{9A19103F-16F7-4668-BE54-9A1E7A4F7556}") = "Prototype-CarReportApp", "Prototype-CarReportApp\Prototype-CarReportApp.csproj", "{1651A8C7-C2F0-44BC-A918-1816C33D7F0A}"
EndProject
Project("{9A19103F-16F7-4668-BE54-9A1E7A4F7556}") = "Prototype-CarReportApp-Models", "Prototype-CarReportApp-Models\Prototype-CarReportApp-Models.csproj", "{0E2ABC47-6B12-4108-8A61-B4043C680F34}"
EndProject
Project("{9A19103F-16F7-4668-BE54-9A1E7A4F7556}") = "Frontend-CarReportApp", "Frontend-CarReportApp\Frontend-CarReportApp.csproj", "{ADB1F54E-2D36-417F-89A9-766A2E089454}"
EndProject
Global
	GlobalSection(SolutionConfigurationPlatforms) = preSolution
		Debug|Any CPU = Debug|Any CPU
		Release|Any CPU = Release|Any CPU
	EndGlobalSection
	GlobalSection(ProjectConfigurationPlatforms) = postSolution
		{1651A8C7-C2F0-44BC-A918-1816C33D7F0A}.Debug|Any CPU.ActiveCfg = Debug|Any CPU
		{1651A8C7-C2F0-44BC-A918-1816C33D7F0A}.Debug|Any CPU.Build.0 = Debug|Any CPU
		{1651A8C7-C2F0-44BC-A918-1816C33D7F0A}.Release|Any CPU.ActiveCfg = Release|Any CPU
		{1651A8C7-C2F0-44BC-A918-1816C33D7F0A}.Release|Any CPU.Build.0 = Release|Any CPU
		{0E2ABC47-6B12-4108-8A61-B4043C680F34}.Debug|Any CPU.ActiveCfg = Debug|Any CPU
		{0E2ABC47-6B12-4108-8A61-B4043C680F34}.Debug|Any CPU.Build.0 = Debug|Any CPU
		{0E2ABC47-6B12-4108-8A61-B4043C680F34}.Release|Any CPU.ActiveCfg = Release|Any CPU
		{0E2ABC47-6B12-4108-8A61-B4043C680F34}.Release|Any CPU.Build.0 = Release|Any CPU
		{ADB1F54E-2D36-417F-89A9-766A2E089454}.Debug|Any CPU.ActiveCfg = Debug|Any CPU
		{ADB1F54E-2D36-417F-89A9-766A2E089454}.Debug|Any CPU.Build.0 = Debug|Any CPU
		{ADB1F54E-2D36-417F-89A9-766A2E089454}.Release|Any CPU.ActiveCfg = Release|Any CPU
		{ADB1F54E-2D36-417F-89A9-766A2E089454}.Release|Any CPU.Build.0 = Release|Any CPU
	EndGlobalSection
	GlobalSection(SolutionProperties) = preSolution
		HideSolutionNode = FALSE
	EndGlobalSection
	GlobalSection(ExtensibilityGlobals) = postSolution
		SolutionGuid = {FF91C6EB-7590-4924-A55A-73D232372241}
	EndGlobalSection
EndGlobal
